// !$*UTF8*$!
{
	archiveVersion = 1;
	classes = {
	};
	objectVersion = 56;
	objects = {

/* Begin PBXBuildFile section */
		DA50B7F42913CABB00FA58E4 /* ChessFrontendApp.swift in Sources */ = {isa = PBXBuildFile; fileRef = DA50B7F32913CABB00FA58E4 /* ChessFrontendApp.swift */; };
		DA50B7F62913CABB00FA58E4 /* ContentView.swift in Sources */ = {isa = PBXBuildFile; fileRef = DA50B7F52913CABB00FA58E4 /* ContentView.swift */; };
		DA50B7F82913CABC00FA58E4 /* Assets.xcassets in Resources */ = {isa = PBXBuildFile; fileRef = DA50B7F72913CABC00FA58E4 /* Assets.xcassets */; };
		DA50B7FB2913CABC00FA58E4 /* Preview Assets.xcassets in Resources */ = {isa = PBXBuildFile; fileRef = DA50B7FA2913CABC00FA58E4 /* Preview Assets.xcassets */; };
		DA50B8032913CB0A00FA58E4 /* ChessView.swift in Sources */ = {isa = PBXBuildFile; fileRef = DA50B8022913CB0A00FA58E4 /* ChessView.swift */; };
		DA50B8052913CF1200FA58E4 /* BoardState.swift in Sources */ = {isa = PBXBuildFile; fileRef = DA50B8042913CF1200FA58E4 /* BoardState.swift */; };
		DA50B8072913CF8E00FA58E4 /* Piece.swift in Sources */ = {isa = PBXBuildFile; fileRef = DA50B8062913CF8E00FA58E4 /* Piece.swift */; };
		DA50B80B2913D82100FA58E4 /* PieceView.swift in Sources */ = {isa = PBXBuildFile; fileRef = DA50B80A2913D82100FA58E4 /* PieceView.swift */; };
		DA50B81129150D2900FA58E4 /* View+.swift in Sources */ = {isa = PBXBuildFile; fileRef = DA50B81029150D2900FA58E4 /* View+.swift */; };
		DA50B81329151B3C00FA58E4 /* ChessViewController.swift in Sources */ = {isa = PBXBuildFile; fileRef = DA50B81229151B3C00FA58E4 /* ChessViewController.swift */; };
		DA50B8152915325800FA58E4 /* stockfish in Resources */ = {isa = PBXBuildFile; fileRef = DA50B8142915325800FA58E4 /* stockfish */; };
		DA50B81729154EB900FA58E4 /* StockfishHandler.swift in Sources */ = {isa = PBXBuildFile; fileRef = DA50B81629154EB900FA58E4 /* StockfishHandler.swift */; };
		DA50B81C291625A400FA58E4 /* SFNotificationNames.swift in Sources */ = {isa = PBXBuildFile; fileRef = DA50B81B291625A400FA58E4 /* SFNotificationNames.swift */; };
		DA50B81E2917895700FA58E4 /* UCIResponse.swift in Sources */ = {isa = PBXBuildFile; fileRef = DA50B81D2917895700FA58E4 /* UCIResponse.swift */; };
		DA50B823291D378500FA58E4 /* UCIDecode.swift in Sources */ = {isa = PBXBuildFile; fileRef = DA50B822291D378500FA58E4 /* UCIDecode.swift */; };
		DA50B825291D380900FA58E4 /* UCIDecodable.swift in Sources */ = {isa = PBXBuildFile; fileRef = DA50B824291D380900FA58E4 /* UCIDecodable.swift */; };
		DA50B828291DDC1A00FA58E4 /* UCIDecoder.swift in Sources */ = {isa = PBXBuildFile; fileRef = DA50B827291DDC1A00FA58E4 /* UCIDecoder.swift */; };
		DA50B82A291F3E0F00FA58E4 /* UCICommand.swift in Sources */ = {isa = PBXBuildFile; fileRef = DA50B829291F3E0F00FA58E4 /* UCICommand.swift */; };
		DA50B82C291F582400FA58E4 /* Documentation.docc in Sources */ = {isa = PBXBuildFile; fileRef = DA50B82B291F582400FA58E4 /* Documentation.docc */; };
		DA50B82E291F752A00FA58E4 /* Move.swift in Sources */ = {isa = PBXBuildFile; fileRef = DA50B82D291F752A00FA58E4 /* Move.swift */; };
		DA50B830291FA8E700FA58E4 /* Character+.swift in Sources */ = {isa = PBXBuildFile; fileRef = DA50B82F291FA8E700FA58E4 /* Character+.swift */; };
		DA50B832291FAC6000FA58E4 /* PieceLocation.swift in Sources */ = {isa = PBXBuildFile; fileRef = DA50B831291FAC6000FA58E4 /* PieceLocation.swift */; };
		DA50B843291FAFF600FA58E4 /* PieceLocationTests.swift in Sources */ = {isa = PBXBuildFile; fileRef = DA50B833291FAEF300FA58E4 /* PieceLocationTests.swift */; };
		DA50B845291FB22700FA58E4 /* Launcher.swift in Sources */ = {isa = PBXBuildFile; fileRef = DA50B844291FB22700FA58E4 /* Launcher.swift */; };
		DA9881D02923307A000A223D /* PlayerScoreView.swift in Sources */ = {isa = PBXBuildFile; fileRef = DA9881CF2923307A000A223D /* PlayerScoreView.swift */; };
		DA9881D229234520000A223D /* Double+.swift in Sources */ = {isa = PBXBuildFile; fileRef = DA9881D129234520000A223D /* Double+.swift */; };
		DA9881D429234A0B000A223D /* Comparable+.swift in Sources */ = {isa = PBXBuildFile; fileRef = DA9881D329234A0B000A223D /* Comparable+.swift */; };
		DA9881D6292358CD000A223D /* PlayerTurnPill.swift in Sources */ = {isa = PBXBuildFile; fileRef = DA9881D5292358CD000A223D /* PlayerTurnPill.swift */; };
		DA9881D829235ED1000A223D /* AnyTransition+.swift in Sources */ = {isa = PBXBuildFile; fileRef = DA9881D729235ED1000A223D /* AnyTransition+.swift */; };
		DA9881F4292377BF000A223D /* Binding+.swift in Sources */ = {isa = PBXBuildFile; fileRef = DA9881F3292377BF000A223D /* Binding+.swift */; };
		DA9881F92923B333000A223D /* Options.swift in Sources */ = {isa = PBXBuildFile; fileRef = DA9881F82923B333000A223D /* Options.swift */; };
		DA9881FB2923B33E000A223D /* Knob.swift in Sources */ = {isa = PBXBuildFile; fileRef = DA9881FA2923B33E000A223D /* Knob.swift */; };
		DA9881FD2923B535000A223D /* Int+.swift in Sources */ = {isa = PBXBuildFile; fileRef = DA9881FC2923B535000A223D /* Int+.swift */; };
		DA9881FF2923D995000A223D /* Check.swift in Sources */ = {isa = PBXBuildFile; fileRef = DA9881FE2923D995000A223D /* Check.swift */; };
		DAFF6F132922440F009BE04F /* PieceArray+.swift in Sources */ = {isa = PBXBuildFile; fileRef = DAFF6F122922440F009BE04F /* PieceArray+.swift */; };
/* End PBXBuildFile section */

/* Begin PBXContainerItemProxy section */
		DA50B83E291FAFEB00FA58E4 /* PBXContainerItemProxy */ = {
			isa = PBXContainerItemProxy;
			containerPortal = DA50B7E82913CABB00FA58E4 /* Project object */;
			proxyType = 1;
			remoteGlobalIDString = DA50B7EF2913CABB00FA58E4;
			remoteInfo = ChessFrontend;
		};
/* End PBXContainerItemProxy section */

/* Begin PBXFileReference section */
		DA50B7F02913CABB00FA58E4 /* ChessFrontend.app */ = {isa = PBXFileReference; explicitFileType = wrapper.application; includeInIndex = 0; path = ChessFrontend.app; sourceTree = BUILT_PRODUCTS_DIR; };
		DA50B7F32913CABB00FA58E4 /* ChessFrontendApp.swift */ = {isa = PBXFileReference; lastKnownFileType = sourcecode.swift; path = ChessFrontendApp.swift; sourceTree = "<group>"; };
		DA50B7F52913CABB00FA58E4 /* ContentView.swift */ = {isa = PBXFileReference; lastKnownFileType = sourcecode.swift; path = ContentView.swift; sourceTree = "<group>"; };
		DA50B7F72913CABC00FA58E4 /* Assets.xcassets */ = {isa = PBXFileReference; lastKnownFileType = folder.assetcatalog; path = Assets.xcassets; sourceTree = "<group>"; };
		DA50B7FA2913CABC00FA58E4 /* Preview Assets.xcassets */ = {isa = PBXFileReference; lastKnownFileType = folder.assetcatalog; path = "Preview Assets.xcassets"; sourceTree = "<group>"; };
		DA50B7FC2913CABC00FA58E4 /* ChessFrontend.entitlements */ = {isa = PBXFileReference; lastKnownFileType = text.plist.entitlements; path = ChessFrontend.entitlements; sourceTree = "<group>"; };
		DA50B8022913CB0A00FA58E4 /* ChessView.swift */ = {isa = PBXFileReference; lastKnownFileType = sourcecode.swift; path = ChessView.swift; sourceTree = "<group>"; };
		DA50B8042913CF1200FA58E4 /* BoardState.swift */ = {isa = PBXFileReference; lastKnownFileType = sourcecode.swift; path = BoardState.swift; sourceTree = "<group>"; };
		DA50B8062913CF8E00FA58E4 /* Piece.swift */ = {isa = PBXFileReference; lastKnownFileType = sourcecode.swift; path = Piece.swift; sourceTree = "<group>"; };
		DA50B80A2913D82100FA58E4 /* PieceView.swift */ = {isa = PBXFileReference; lastKnownFileType = sourcecode.swift; path = PieceView.swift; sourceTree = "<group>"; };
		DA50B80C2914FDA400FA58E4 /* Info.plist */ = {isa = PBXFileReference; lastKnownFileType = text.plist; path = Info.plist; sourceTree = "<group>"; };
		DA50B81029150D2900FA58E4 /* View+.swift */ = {isa = PBXFileReference; lastKnownFileType = sourcecode.swift; path = "View+.swift"; sourceTree = "<group>"; };
		DA50B81229151B3C00FA58E4 /* ChessViewController.swift */ = {isa = PBXFileReference; lastKnownFileType = sourcecode.swift; path = ChessViewController.swift; sourceTree = "<group>"; };
		DA50B8142915325800FA58E4 /* stockfish */ = {isa = PBXFileReference; lastKnownFileType = "compiled.mach-o.executable"; path = stockfish; sourceTree = "<group>"; };
		DA50B81629154EB900FA58E4 /* StockfishHandler.swift */ = {isa = PBXFileReference; lastKnownFileType = sourcecode.swift; path = StockfishHandler.swift; sourceTree = "<group>"; };
		DA50B81B291625A400FA58E4 /* SFNotificationNames.swift */ = {isa = PBXFileReference; lastKnownFileType = sourcecode.swift; path = SFNotificationNames.swift; sourceTree = "<group>"; };
		DA50B81D2917895700FA58E4 /* UCIResponse.swift */ = {isa = PBXFileReference; lastKnownFileType = sourcecode.swift; path = UCIResponse.swift; sourceTree = "<group>"; };
		DA50B822291D378500FA58E4 /* UCIDecode.swift */ = {isa = PBXFileReference; lastKnownFileType = sourcecode.swift; path = UCIDecode.swift; sourceTree = "<group>"; };
		DA50B824291D380900FA58E4 /* UCIDecodable.swift */ = {isa = PBXFileReference; lastKnownFileType = sourcecode.swift; path = UCIDecodable.swift; sourceTree = "<group>"; };
		DA50B827291DDC1A00FA58E4 /* UCIDecoder.swift */ = {isa = PBXFileReference; lastKnownFileType = sourcecode.swift; path = UCIDecoder.swift; sourceTree = "<group>"; };
		DA50B829291F3E0F00FA58E4 /* UCICommand.swift */ = {isa = PBXFileReference; lastKnownFileType = sourcecode.swift; path = UCICommand.swift; sourceTree = "<group>"; };
		DA50B82B291F582400FA58E4 /* Documentation.docc */ = {isa = PBXFileReference; lastKnownFileType = folder.documentationcatalog; name = Documentation.docc; path = ChessFrontend/Documentation.docc; sourceTree = "<group>"; };
		DA50B82D291F752A00FA58E4 /* Move.swift */ = {isa = PBXFileReference; lastKnownFileType = sourcecode.swift; path = Move.swift; sourceTree = "<group>"; };
		DA50B82F291FA8E700FA58E4 /* Character+.swift */ = {isa = PBXFileReference; lastKnownFileType = sourcecode.swift; path = "Character+.swift"; sourceTree = "<group>"; };
		DA50B831291FAC6000FA58E4 /* PieceLocation.swift */ = {isa = PBXFileReference; lastKnownFileType = sourcecode.swift; path = PieceLocation.swift; sourceTree = "<group>"; };
		DA50B833291FAEF300FA58E4 /* PieceLocationTests.swift */ = {isa = PBXFileReference; lastKnownFileType = sourcecode.swift; path = PieceLocationTests.swift; sourceTree = "<group>"; };
		DA50B83A291FAFEB00FA58E4 /* ChessFrontendTests.xctest */ = {isa = PBXFileReference; explicitFileType = wrapper.cfbundle; includeInIndex = 0; path = ChessFrontendTests.xctest; sourceTree = BUILT_PRODUCTS_DIR; };
		DA50B844291FB22700FA58E4 /* Launcher.swift */ = {isa = PBXFileReference; lastKnownFileType = sourcecode.swift; path = Launcher.swift; sourceTree = "<group>"; };
		DA9881CF2923307A000A223D /* PlayerScoreView.swift */ = {isa = PBXFileReference; lastKnownFileType = sourcecode.swift; path = PlayerScoreView.swift; sourceTree = "<group>"; };
		DA9881D129234520000A223D /* Double+.swift */ = {isa = PBXFileReference; lastKnownFileType = sourcecode.swift; path = "Double+.swift"; sourceTree = "<group>"; };
		DA9881D329234A0B000A223D /* Comparable+.swift */ = {isa = PBXFileReference; lastKnownFileType = sourcecode.swift; path = "Comparable+.swift"; sourceTree = "<group>"; };
		DA9881D5292358CD000A223D /* PlayerTurnPill.swift */ = {isa = PBXFileReference; lastKnownFileType = sourcecode.swift; path = PlayerTurnPill.swift; sourceTree = "<group>"; };
		DA9881D729235ED1000A223D /* AnyTransition+.swift */ = {isa = PBXFileReference; lastKnownFileType = sourcecode.swift; path = "AnyTransition+.swift"; sourceTree = "<group>"; };
		DA9881F3292377BF000A223D /* Binding+.swift */ = {isa = PBXFileReference; lastKnownFileType = sourcecode.swift; path = "Binding+.swift"; sourceTree = "<group>"; };
		DA9881F82923B333000A223D /* Options.swift */ = {isa = PBXFileReference; lastKnownFileType = sourcecode.swift; path = Options.swift; sourceTree = "<group>"; };
		DA9881FA2923B33E000A223D /* Knob.swift */ = {isa = PBXFileReference; lastKnownFileType = sourcecode.swift; path = Knob.swift; sourceTree = "<group>"; };
		DA9881FC2923B535000A223D /* Int+.swift */ = {isa = PBXFileReference; lastKnownFileType = sourcecode.swift; path = "Int+.swift"; sourceTree = "<group>"; };
		DA9881FE2923D995000A223D /* Check.swift */ = {isa = PBXFileReference; lastKnownFileType = sourcecode.swift; path = Check.swift; sourceTree = "<group>"; };
		DAFF6F122922440F009BE04F /* PieceArray+.swift */ = {isa = PBXFileReference; lastKnownFileType = sourcecode.swift; path = "PieceArray+.swift"; sourceTree = "<group>"; };
/* End PBXFileReference section */

/* Begin PBXFrameworksBuildPhase section */
		DA50B7ED2913CABB00FA58E4 /* Frameworks */ = {
			isa = PBXFrameworksBuildPhase;
			buildActionMask = 2147483647;
			files = (
			);
			runOnlyForDeploymentPostprocessing = 0;
		};
		DA50B837291FAFEB00FA58E4 /* Frameworks */ = {
			isa = PBXFrameworksBuildPhase;
			buildActionMask = 2147483647;
			files = (
			);
			runOnlyForDeploymentPostprocessing = 0;
		};
/* End PBXFrameworksBuildPhase section */

/* Begin PBXGroup section */
		DA50B7E72913CABB00FA58E4 = {
			isa = PBXGroup;
			children = (
				DA50B82B291F582400FA58E4 /* Documentation.docc */,
				DA50B8142915325800FA58E4 /* stockfish */,
				DA50B7F22913CABB00FA58E4 /* ChessFrontend */,
				DA50B83B291FAFEB00FA58E4 /* ChessFrontendTests */,
				DA50B7F12913CABB00FA58E4 /* Products */,
			);
			sourceTree = "<group>";
		};
		DA50B7F12913CABB00FA58E4 /* Products */ = {
			isa = PBXGroup;
			children = (
				DA50B7F02913CABB00FA58E4 /* ChessFrontend.app */,
				DA50B83A291FAFEB00FA58E4 /* ChessFrontendTests.xctest */,
			);
			name = Products;
			sourceTree = "<group>";
		};
		DA50B7F22913CABB00FA58E4 /* ChessFrontend */ = {
			isa = PBXGroup;
			children = (
				DA50B81A2916258D00FA58E4 /* Stockfish */,
				DA50B80F29150D1B00FA58E4 /* Extensions */,
				DA50B8092913D81000FA58E4 /* Board */,
				DA50B8082913CF9800FA58E4 /* Chess */,
				DA9881F62923B315000A223D /* View */,
				DA9881CF2923307A000A223D /* PlayerScoreView.swift */,
				DA9881D5292358CD000A223D /* PlayerTurnPill.swift */,
				DA50B7F52913CABB00FA58E4 /* ContentView.swift */,
				DA50B7F32913CABB00FA58E4 /* ChessFrontendApp.swift */,
				DA50B844291FB22700FA58E4 /* Launcher.swift */,
				DA50B7F72913CABC00FA58E4 /* Assets.xcassets */,
				DA50B80C2914FDA400FA58E4 /* Info.plist */,
				DA50B7FC2913CABC00FA58E4 /* ChessFrontend.entitlements */,
				DA50B7F92913CABC00FA58E4 /* Preview Content */,
			);
			path = ChessFrontend;
			sourceTree = "<group>";
		};
		DA50B7F92913CABC00FA58E4 /* Preview Content */ = {
			isa = PBXGroup;
			children = (
				DA50B7FA2913CABC00FA58E4 /* Preview Assets.xcassets */,
			);
			path = "Preview Content";
			sourceTree = "<group>";
		};
		DA50B8082913CF9800FA58E4 /* Chess */ = {
			isa = PBXGroup;
			children = (
				DA50B8042913CF1200FA58E4 /* BoardState.swift */,
				DA50B8062913CF8E00FA58E4 /* Piece.swift */,
				DAFF6F122922440F009BE04F /* PieceArray+.swift */,
			);
			path = Chess;
			sourceTree = "<group>";
		};
		DA50B8092913D81000FA58E4 /* Board */ = {
			isa = PBXGroup;
			children = (
				DA50B8022913CB0A00FA58E4 /* ChessView.swift */,
				DA50B80A2913D82100FA58E4 /* PieceView.swift */,
				DA50B81229151B3C00FA58E4 /* ChessViewController.swift */,
				DA50B82D291F752A00FA58E4 /* Move.swift */,
				DA50B831291FAC6000FA58E4 /* PieceLocation.swift */,
			);
			path = Board;
			sourceTree = "<group>";
		};
		DA50B80F29150D1B00FA58E4 /* Extensions */ = {
			isa = PBXGroup;
			children = (
				DA50B81029150D2900FA58E4 /* View+.swift */,
				DA50B82F291FA8E700FA58E4 /* Character+.swift */,
				DA9881D129234520000A223D /* Double+.swift */,
				DA9881D329234A0B000A223D /* Comparable+.swift */,
				DA9881D729235ED1000A223D /* AnyTransition+.swift */,
				DA9881F3292377BF000A223D /* Binding+.swift */,
				DA9881FC2923B535000A223D /* Int+.swift */,
			);
			path = Extensions;
			sourceTree = "<group>";
		};
		DA50B81A2916258D00FA58E4 /* Stockfish */ = {
			isa = PBXGroup;
			children = (
				DA50B826291DDBE400FA58E4 /* UCI */,
				DA50B81629154EB900FA58E4 /* StockfishHandler.swift */,
				DA50B81B291625A400FA58E4 /* SFNotificationNames.swift */,
			);
			path = Stockfish;
			sourceTree = "<group>";
		};
		DA50B826291DDBE400FA58E4 /* UCI */ = {
			isa = PBXGroup;
			children = (
				DA50B81D2917895700FA58E4 /* UCIResponse.swift */,
				DA50B822291D378500FA58E4 /* UCIDecode.swift */,
				DA50B824291D380900FA58E4 /* UCIDecodable.swift */,
				DA50B827291DDC1A00FA58E4 /* UCIDecoder.swift */,
				DA50B829291F3E0F00FA58E4 /* UCICommand.swift */,
			);
			path = UCI;
			sourceTree = "<group>";
		};
		DA50B83B291FAFEB00FA58E4 /* ChessFrontendTests */ = {
			isa = PBXGroup;
			children = (
				DA50B833291FAEF300FA58E4 /* PieceLocationTests.swift */,
			);
			path = ChessFrontendTests;
			sourceTree = "<group>";
		};
		DA9881F52923B305000A223D /* Engine */ = {
			isa = PBXGroup;
			children = (
				DA9881F82923B333000A223D /* Options.swift */,
				DA9881FA2923B33E000A223D /* Knob.swift */,
				DA9881FE2923D995000A223D /* Check.swift */,
			);
			path = Engine;
			sourceTree = "<group>";
		};
		DA9881F62923B315000A223D /* View */ = {
			isa = PBXGroup;
			children = (
				DA9881F52923B305000A223D /* Engine */,
			);
			path = View;
			sourceTree = "<group>";
		};
/* End PBXGroup section */

/* Begin PBXNativeTarget section */
		DA50B7EF2913CABB00FA58E4 /* ChessFrontend */ = {
			isa = PBXNativeTarget;
			buildConfigurationList = DA50B7FF2913CABC00FA58E4 /* Build configuration list for PBXNativeTarget "ChessFrontend" */;
			buildPhases = (
				DA50B7EC2913CABB00FA58E4 /* Sources */,
				DA50B7ED2913CABB00FA58E4 /* Frameworks */,
				DA50B7EE2913CABB00FA58E4 /* Resources */,
			);
			buildRules = (
			);
			dependencies = (
			);
			name = ChessFrontend;
			productName = ChessFrontend;
			productReference = DA50B7F02913CABB00FA58E4 /* ChessFrontend.app */;
			productType = "com.apple.product-type.application";
		};
		DA50B839291FAFEB00FA58E4 /* ChessFrontendTests */ = {
			isa = PBXNativeTarget;
			buildConfigurationList = DA50B840291FAFEB00FA58E4 /* Build configuration list for PBXNativeTarget "ChessFrontendTests" */;
			buildPhases = (
				DA50B836291FAFEB00FA58E4 /* Sources */,
				DA50B837291FAFEB00FA58E4 /* Frameworks */,
				DA50B838291FAFEB00FA58E4 /* Resources */,
			);
			buildRules = (
			);
			dependencies = (
				DA50B83F291FAFEB00FA58E4 /* PBXTargetDependency */,
			);
			name = ChessFrontendTests;
			productName = ChessFrontendTests;
			productReference = DA50B83A291FAFEB00FA58E4 /* ChessFrontendTests.xctest */;
			productType = "com.apple.product-type.bundle.unit-test";
		};
/* End PBXNativeTarget section */

/* Begin PBXProject section */
		DA50B7E82913CABB00FA58E4 /* Project object */ = {
			isa = PBXProject;
			attributes = {
				BuildIndependentTargetsInParallel = 1;
				LastSwiftUpdateCheck = 1410;
				LastUpgradeCheck = 1410;
				TargetAttributes = {
					DA50B7EF2913CABB00FA58E4 = {
						CreatedOnToolsVersion = 14.1;
					};
					DA50B839291FAFEB00FA58E4 = {
						CreatedOnToolsVersion = 14.1;
						TestTargetID = DA50B7EF2913CABB00FA58E4;
					};
				};
			};
			buildConfigurationList = DA50B7EB2913CABB00FA58E4 /* Build configuration list for PBXProject "ChessFrontend" */;
			compatibilityVersion = "Xcode 14.0";
			developmentRegion = en;
			hasScannedForEncodings = 0;
			knownRegions = (
				en,
				Base,
			);
			mainGroup = DA50B7E72913CABB00FA58E4;
			productRefGroup = DA50B7F12913CABB00FA58E4 /* Products */;
			projectDirPath = "";
			projectRoot = "";
			targets = (
				DA50B7EF2913CABB00FA58E4 /* ChessFrontend */,
				DA50B839291FAFEB00FA58E4 /* ChessFrontendTests */,
			);
		};
/* End PBXProject section */

/* Begin PBXResourcesBuildPhase section */
		DA50B7EE2913CABB00FA58E4 /* Resources */ = {
			isa = PBXResourcesBuildPhase;
			buildActionMask = 2147483647;
			files = (
				DA50B7FB2913CABC00FA58E4 /* Preview Assets.xcassets in Resources */,
				DA50B8152915325800FA58E4 /* stockfish in Resources */,
				DA50B7F82913CABC00FA58E4 /* Assets.xcassets in Resources */,
			);
			runOnlyForDeploymentPostprocessing = 0;
		};
		DA50B838291FAFEB00FA58E4 /* Resources */ = {
			isa = PBXResourcesBuildPhase;
			buildActionMask = 2147483647;
			files = (
			);
			runOnlyForDeploymentPostprocessing = 0;
		};
/* End PBXResourcesBuildPhase section */

/* Begin PBXSourcesBuildPhase section */
		DA50B7EC2913CABB00FA58E4 /* Sources */ = {
			isa = PBXSourcesBuildPhase;
			buildActionMask = 2147483647;
			files = (
				DA9881FF2923D995000A223D /* Check.swift in Sources */,
				DA50B82E291F752A00FA58E4 /* Move.swift in Sources */,
				DAFF6F132922440F009BE04F /* PieceArray+.swift in Sources */,
				DA50B8072913CF8E00FA58E4 /* Piece.swift in Sources */,
				DA9881F92923B333000A223D /* Options.swift in Sources */,
				DA50B81329151B3C00FA58E4 /* ChessViewController.swift in Sources */,
				DA50B8052913CF1200FA58E4 /* BoardState.swift in Sources */,
				DA50B82C291F582400FA58E4 /* Documentation.docc in Sources */,
				DA50B825291D380900FA58E4 /* UCIDecodable.swift in Sources */,
				DA9881D829235ED1000A223D /* AnyTransition+.swift in Sources */,
				DA9881FB2923B33E000A223D /* Knob.swift in Sources */,
				DA50B7F62913CABB00FA58E4 /* ContentView.swift in Sources */,
				DA50B845291FB22700FA58E4 /* Launcher.swift in Sources */,
				DA9881D229234520000A223D /* Double+.swift in Sources */,
				DA50B81129150D2900FA58E4 /* View+.swift in Sources */,
				DA50B81729154EB900FA58E4 /* StockfishHandler.swift in Sources */,
				DA50B7F42913CABB00FA58E4 /* ChessFrontendApp.swift in Sources */,
				DA9881D429234A0B000A223D /* Comparable+.swift in Sources */,
				DA9881FD2923B535000A223D /* Int+.swift in Sources */,
				DA50B828291DDC1A00FA58E4 /* UCIDecoder.swift in Sources */,
				DA50B832291FAC6000FA58E4 /* PieceLocation.swift in Sources */,
				DA50B830291FA8E700FA58E4 /* Character+.swift in Sources */,
				DA50B81C291625A400FA58E4 /* SFNotificationNames.swift in Sources */,
				DA9881D02923307A000A223D /* PlayerScoreView.swift in Sources */,
				DA9881F4292377BF000A223D /* Binding+.swift in Sources */,
				DA9881D6292358CD000A223D /* PlayerTurnPill.swift in Sources */,
				DA50B80B2913D82100FA58E4 /* PieceView.swift in Sources */,
				DA50B81E2917895700FA58E4 /* UCIResponse.swift in Sources */,
				DA50B823291D378500FA58E4 /* UCIDecode.swift in Sources */,
				DA50B82A291F3E0F00FA58E4 /* UCICommand.swift in Sources */,
				DA50B8032913CB0A00FA58E4 /* ChessView.swift in Sources */,
			);
			runOnlyForDeploymentPostprocessing = 0;
		};
		DA50B836291FAFEB00FA58E4 /* Sources */ = {
			isa = PBXSourcesBuildPhase;
			buildActionMask = 2147483647;
			files = (
				DA50B843291FAFF600FA58E4 /* PieceLocationTests.swift in Sources */,
			);
			runOnlyForDeploymentPostprocessing = 0;
		};
/* End PBXSourcesBuildPhase section */

/* Begin PBXTargetDependency section */
		DA50B83F291FAFEB00FA58E4 /* PBXTargetDependency */ = {
			isa = PBXTargetDependency;
			target = DA50B7EF2913CABB00FA58E4 /* ChessFrontend */;
			targetProxy = DA50B83E291FAFEB00FA58E4 /* PBXContainerItemProxy */;
		};
/* End PBXTargetDependency section */

/* Begin XCBuildConfiguration section */
		DA50B7FD2913CABC00FA58E4 /* Debug */ = {
			isa = XCBuildConfiguration;
			buildSettings = {
				ALWAYS_SEARCH_USER_PATHS = NO;
				CLANG_ANALYZER_NONNULL = YES;
				CLANG_ANALYZER_NUMBER_OBJECT_CONVERSION = YES_AGGRESSIVE;
				CLANG_CXX_LANGUAGE_STANDARD = "gnu++20";
				CLANG_ENABLE_MODULES = YES;
				CLANG_ENABLE_OBJC_ARC = YES;
				CLANG_ENABLE_OBJC_WEAK = YES;
				CLANG_WARN_BLOCK_CAPTURE_AUTORELEASING = YES;
				CLANG_WARN_BOOL_CONVERSION = YES;
				CLANG_WARN_COMMA = YES;
				CLANG_WARN_CONSTANT_CONVERSION = YES;
				CLANG_WARN_DEPRECATED_OBJC_IMPLEMENTATIONS = YES;
				CLANG_WARN_DIRECT_OBJC_ISA_USAGE = YES_ERROR;
				CLANG_WARN_DOCUMENTATION_COMMENTS = YES;
				CLANG_WARN_EMPTY_BODY = YES;
				CLANG_WARN_ENUM_CONVERSION = YES;
				CLANG_WARN_INFINITE_RECURSION = YES;
				CLANG_WARN_INT_CONVERSION = YES;
				CLANG_WARN_NON_LITERAL_NULL_CONVERSION = YES;
				CLANG_WARN_OBJC_IMPLICIT_RETAIN_SELF = YES;
				CLANG_WARN_OBJC_LITERAL_CONVERSION = YES;
				CLANG_WARN_OBJC_ROOT_CLASS = YES_ERROR;
				CLANG_WARN_QUOTED_INCLUDE_IN_FRAMEWORK_HEADER = YES;
				CLANG_WARN_RANGE_LOOP_ANALYSIS = YES;
				CLANG_WARN_STRICT_PROTOTYPES = YES;
				CLANG_WARN_SUSPICIOUS_MOVE = YES;
				CLANG_WARN_UNGUARDED_AVAILABILITY = YES_AGGRESSIVE;
				CLANG_WARN_UNREACHABLE_CODE = YES;
				CLANG_WARN__DUPLICATE_METHOD_MATCH = YES;
				COPY_PHASE_STRIP = NO;
				DEBUG_INFORMATION_FORMAT = dwarf;
				ENABLE_STRICT_OBJC_MSGSEND = YES;
				ENABLE_TESTABILITY = YES;
				GCC_C_LANGUAGE_STANDARD = gnu11;
				GCC_DYNAMIC_NO_PIC = NO;
				GCC_NO_COMMON_BLOCKS = YES;
				GCC_OPTIMIZATION_LEVEL = 0;
				GCC_PREPROCESSOR_DEFINITIONS = (
					"DEBUG=1",
					"$(inherited)",
				);
				GCC_WARN_64_TO_32_BIT_CONVERSION = YES;
				GCC_WARN_ABOUT_RETURN_TYPE = YES_ERROR;
				GCC_WARN_UNDECLARED_SELECTOR = YES;
				GCC_WARN_UNINITIALIZED_AUTOS = YES_AGGRESSIVE;
				GCC_WARN_UNUSED_FUNCTION = YES;
				GCC_WARN_UNUSED_VARIABLE = YES;
				MACOSX_DEPLOYMENT_TARGET = 13.0;
				MTL_ENABLE_DEBUG_INFO = INCLUDE_SOURCE;
				MTL_FAST_MATH = YES;
				ONLY_ACTIVE_ARCH = YES;
				SDKROOT = macosx;
				SWIFT_ACTIVE_COMPILATION_CONDITIONS = DEBUG;
				SWIFT_OPTIMIZATION_LEVEL = "-Onone";
			};
			name = Debug;
		};
		DA50B7FE2913CABC00FA58E4 /* Release */ = {
			isa = XCBuildConfiguration;
			buildSettings = {
				ALWAYS_SEARCH_USER_PATHS = NO;
				CLANG_ANALYZER_NONNULL = YES;
				CLANG_ANALYZER_NUMBER_OBJECT_CONVERSION = YES_AGGRESSIVE;
				CLANG_CXX_LANGUAGE_STANDARD = "gnu++20";
				CLANG_ENABLE_MODULES = YES;
				CLANG_ENABLE_OBJC_ARC = YES;
				CLANG_ENABLE_OBJC_WEAK = YES;
				CLANG_WARN_BLOCK_CAPTURE_AUTORELEASING = YES;
				CLANG_WARN_BOOL_CONVERSION = YES;
				CLANG_WARN_COMMA = YES;
				CLANG_WARN_CONSTANT_CONVERSION = YES;
				CLANG_WARN_DEPRECATED_OBJC_IMPLEMENTATIONS = YES;
				CLANG_WARN_DIRECT_OBJC_ISA_USAGE = YES_ERROR;
				CLANG_WARN_DOCUMENTATION_COMMENTS = YES;
				CLANG_WARN_EMPTY_BODY = YES;
				CLANG_WARN_ENUM_CONVERSION = YES;
				CLANG_WARN_INFINITE_RECURSION = YES;
				CLANG_WARN_INT_CONVERSION = YES;
				CLANG_WARN_NON_LITERAL_NULL_CONVERSION = YES;
				CLANG_WARN_OBJC_IMPLICIT_RETAIN_SELF = YES;
				CLANG_WARN_OBJC_LITERAL_CONVERSION = YES;
				CLANG_WARN_OBJC_ROOT_CLASS = YES_ERROR;
				CLANG_WARN_QUOTED_INCLUDE_IN_FRAMEWORK_HEADER = YES;
				CLANG_WARN_RANGE_LOOP_ANALYSIS = YES;
				CLANG_WARN_STRICT_PROTOTYPES = YES;
				CLANG_WARN_SUSPICIOUS_MOVE = YES;
				CLANG_WARN_UNGUARDED_AVAILABILITY = YES_AGGRESSIVE;
				CLANG_WARN_UNREACHABLE_CODE = YES;
				CLANG_WARN__DUPLICATE_METHOD_MATCH = YES;
				COPY_PHASE_STRIP = NO;
				DEBUG_INFORMATION_FORMAT = "dwarf-with-dsym";
				ENABLE_NS_ASSERTIONS = NO;
				ENABLE_STRICT_OBJC_MSGSEND = YES;
				GCC_C_LANGUAGE_STANDARD = gnu11;
				GCC_NO_COMMON_BLOCKS = YES;
				GCC_WARN_64_TO_32_BIT_CONVERSION = YES;
				GCC_WARN_ABOUT_RETURN_TYPE = YES_ERROR;
				GCC_WARN_UNDECLARED_SELECTOR = YES;
				GCC_WARN_UNINITIALIZED_AUTOS = YES_AGGRESSIVE;
				GCC_WARN_UNUSED_FUNCTION = YES;
				GCC_WARN_UNUSED_VARIABLE = YES;
				MACOSX_DEPLOYMENT_TARGET = 13.0;
				MTL_ENABLE_DEBUG_INFO = NO;
				MTL_FAST_MATH = YES;
				SDKROOT = macosx;
				SWIFT_COMPILATION_MODE = wholemodule;
				SWIFT_OPTIMIZATION_LEVEL = "-O";
			};
			name = Release;
		};
		DA50B8002913CABC00FA58E4 /* Debug */ = {
			isa = XCBuildConfiguration;
			buildSettings = {
				ASSETCATALOG_COMPILER_APPICON_NAME = AppIcon;
				ASSETCATALOG_COMPILER_GLOBAL_ACCENT_COLOR_NAME = AccentColor;
				CODE_SIGN_ENTITLEMENTS = ChessFrontend/ChessFrontend.entitlements;
				CODE_SIGN_STYLE = Automatic;
				COMBINE_HIDPI_IMAGES = YES;
				CURRENT_PROJECT_VERSION = 1;
				DEVELOPMENT_ASSET_PATHS = "\"ChessFrontend/Preview Content\"";
				DEVELOPMENT_TEAM = Q382QLKDG3;
				ENABLE_HARDENED_RUNTIME = YES;
				ENABLE_PREVIEWS = YES;
				GENERATE_INFOPLIST_FILE = YES;
				INFOPLIST_FILE = ChessFrontend/Info.plist;
				INFOPLIST_KEY_NSHumanReadableCopyright = "";
				LD_RUNPATH_SEARCH_PATHS = (
					"$(inherited)",
					"@executable_path/../Frameworks",
				);
				MACOSX_DEPLOYMENT_TARGET = 12.0;
				MARKETING_VERSION = 1.0;
				PRODUCT_BUNDLE_IDENTIFIER = com.cryptoalgo.ChessFrontend;
				PRODUCT_NAME = "$(TARGET_NAME)";
				SWIFT_EMIT_LOC_STRINGS = YES;
				SWIFT_VERSION = 5.0;
			};
			name = Debug;
		};
		DA50B8012913CABC00FA58E4 /* Release */ = {
			isa = XCBuildConfiguration;
			buildSettings = {
				ASSETCATALOG_COMPILER_APPICON_NAME = AppIcon;
				ASSETCATALOG_COMPILER_GLOBAL_ACCENT_COLOR_NAME = AccentColor;
				CODE_SIGN_ENTITLEMENTS = ChessFrontend/ChessFrontend.entitlements;
				CODE_SIGN_STYLE = Automatic;
				COMBINE_HIDPI_IMAGES = YES;
				CURRENT_PROJECT_VERSION = 1;
				DEVELOPMENT_ASSET_PATHS = "\"ChessFrontend/Preview Content\"";
				DEVELOPMENT_TEAM = Q382QLKDG3;
				ENABLE_HARDENED_RUNTIME = YES;
				ENABLE_PREVIEWS = YES;
				GENERATE_INFOPLIST_FILE = YES;
				INFOPLIST_FILE = ChessFrontend/Info.plist;
				INFOPLIST_KEY_NSHumanReadableCopyright = "";
				LD_RUNPATH_SEARCH_PATHS = (
					"$(inherited)",
					"@executable_path/../Frameworks",
				);
				MACOSX_DEPLOYMENT_TARGET = 12.0;
				MARKETING_VERSION = 1.0;
				PRODUCT_BUNDLE_IDENTIFIER = com.cryptoalgo.ChessFrontend;
				PRODUCT_NAME = "$(TARGET_NAME)";
				SWIFT_EMIT_LOC_STRINGS = YES;
				SWIFT_VERSION = 5.0;
			};
			name = Release;
		};
		DA50B841291FAFEB00FA58E4 /* Debug */ = {
			isa = XCBuildConfiguration;
			buildSettings = {
				BUNDLE_LOADER = "$(TEST_HOST)";
				CODE_SIGN_STYLE = Automatic;
				CURRENT_PROJECT_VERSION = 1;
				DEVELOPMENT_TEAM = Q382QLKDG3;
				GENERATE_INFOPLIST_FILE = YES;
				MARKETING_VERSION = 1.0;
				PRODUCT_BUNDLE_IDENTIFIER = com.cryptoalgo.ChessFrontendTests;
				PRODUCT_NAME = "$(TARGET_NAME)";
				SWIFT_EMIT_LOC_STRINGS = NO;
				SWIFT_VERSION = 5.0;
				TEST_HOST = "$(BUILT_PRODUCTS_DIR)/ChessFrontend.app/$(BUNDLE_EXECUTABLE_FOLDER_PATH)/ChessFrontend";
			};
			name = Debug;
		};
		DA50B842291FAFEB00FA58E4 /* Release */ = {
			isa = XCBuildConfiguration;
			buildSettings = {
				BUNDLE_LOADER = "$(TEST_HOST)";
				CODE_SIGN_STYLE = Automatic;
				CURRENT_PROJECT_VERSION = 1;
				DEVELOPMENT_TEAM = Q382QLKDG3;
				GENERATE_INFOPLIST_FILE = YES;
				MARKETING_VERSION = 1.0;
				PRODUCT_BUNDLE_IDENTIFIER = com.cryptoalgo.ChessFrontendTests;
				PRODUCT_NAME = "$(TARGET_NAME)";
				SWIFT_EMIT_LOC_STRINGS = NO;
				SWIFT_VERSION = 5.0;
				TEST_HOST = "$(BUILT_PRODUCTS_DIR)/ChessFrontend.app/$(BUNDLE_EXECUTABLE_FOLDER_PATH)/ChessFrontend";
			};
			name = Release;
		};
/* End XCBuildConfiguration section */

/* Begin XCConfigurationList section */
		DA50B7EB2913CABB00FA58E4 /* Build configuration list for PBXProject "ChessFrontend" */ = {
			isa = XCConfigurationList;
			buildConfigurations = (
				DA50B7FD2913CABC00FA58E4 /* Debug */,
				DA50B7FE2913CABC00FA58E4 /* Release */,
			);
			defaultConfigurationIsVisible = 0;
			defaultConfigurationName = Release;
		};
		DA50B7FF2913CABC00FA58E4 /* Build configuration list for PBXNativeTarget "ChessFrontend" */ = {
			isa = XCConfigurationList;
			buildConfigurations = (
				DA50B8002913CABC00FA58E4 /* Debug */,
				DA50B8012913CABC00FA58E4 /* Release */,
			);
			defaultConfigurationIsVisible = 0;
			defaultConfigurationName = Release;
		};
		DA50B840291FAFEB00FA58E4 /* Build configuration list for PBXNativeTarget "ChessFrontendTests" */ = {
			isa = XCConfigurationList;
			buildConfigurations = (
				DA50B841291FAFEB00FA58E4 /* Debug */,
				DA50B842291FAFEB00FA58E4 /* Release */,
			);
			defaultConfigurationIsVisible = 0;
			defaultConfigurationName = Release;
		};
/* End XCConfigurationList section */
	};
	rootObject = DA50B7E82913CABB00FA58E4 /* Project object */;
}
